
Microsoft Visual Studio Solution File, Format Version 12.00
# Visual Studio 15
VisualStudioVersion = 15.0.28010.2003
MinimumVisualStudioVersion = 10.0.40219.1
Project("{FAE04EC0-301F-11D3-BF4B-00C04F79EFBC}") = "WPJoninA1", "WPJoninA1\WPJoninA1.csproj", "{9A34A2E7-6310-4BC8-97C2-A185987ECEFE}"
EndProject
Global
	GlobalSection(SolutionConfigurationPlatforms) = preSolution
		Debug|Any CPU = Debug|Any CPU
		Release|Any CPU = Release|Any CPU
	EndGlobalSection
	GlobalSection(ProjectConfigurationPlatforms) = postSolution
		{9A34A2E7-6310-4BC8-97C2-A185987ECEFE}.Debug|Any CPU.ActiveCfg = Debug|Any CPU
		{9A34A2E7-6310-4BC8-97C2-A185987ECEFE}.Debug|Any CPU.Build.0 = Debug|Any CPU
		{9A34A2E7-6310-4BC8-97C2-A185987ECEFE}.Release|Any CPU.ActiveCfg = Release|Any CPU
		{9A34A2E7-6310-4BC8-97C2-A185987ECEFE}.Release|Any CPU.Build.0 = Release|Any CPU
	EndGlobalSection
	GlobalSection(SolutionProperties) = preSolution
		HideSolutionNode = FALSE
	EndGlobalSection
	GlobalSection(ExtensibilityGlobals) = postSolution
		SolutionGuid = {9BF0BCAD-C99B-4487-907E-3BD77390EA32}
	EndGlobalSection
EndGlobal
